// !$*UTF8*$!
{
	archiveVersion = 1;
	classes = {
	};
	objectVersion = 55;
	objects = {

/* Begin PBXBuildFile section */
		44C3AD8CA58017101C33A605 /* Pods_RakuMusicAPILesson.framework in Frameworks */ = {isa = PBXBuildFile; fileRef = 00F673390AAEBDD013BE35FD /* Pods_RakuMusicAPILesson.framework */; };
		54E10FC9273810CA00A2019E /* AppDelegate.swift in Sources */ = {isa = PBXBuildFile; fileRef = 54E10FC8273810CA00A2019E /* AppDelegate.swift */; };
		54E10FCB273810CA00A2019E /* SceneDelegate.swift in Sources */ = {isa = PBXBuildFile; fileRef = 54E10FCA273810CA00A2019E /* SceneDelegate.swift */; };
		54E10FCD273810CA00A2019E /* ViewController.swift in Sources */ = {isa = PBXBuildFile; fileRef = 54E10FCC273810CA00A2019E /* ViewController.swift */; };
		54E10FD0273810CA00A2019E /* Main.storyboard in Resources */ = {isa = PBXBuildFile; fileRef = 54E10FCE273810CA00A2019E /* Main.storyboard */; };
		54E10FD2273810CD00A2019E /* Assets.xcassets in Resources */ = {isa = PBXBuildFile; fileRef = 54E10FD1273810CD00A2019E /* Assets.xcassets */; };
		54E10FD5273810CD00A2019E /* LaunchScreen.storyboard in Resources */ = {isa = PBXBuildFile; fileRef = 54E10FD3273810CD00A2019E /* LaunchScreen.storyboard */; };
		54E10FE12738119A00A2019E /* CollectionCustomCell.swift in Sources */ = {isa = PBXBuildFile; fileRef = 54E10FDF2738119A00A2019E /* CollectionCustomCell.swift */; };
		54E10FE22738119A00A2019E /* CollectionCustomCell.xib in Resources */ = {isa = PBXBuildFile; fileRef = 54E10FE02738119A00A2019E /* CollectionCustomCell.xib */; };
		54E10FE52739507800A2019E /* MusicDetailModel.swift in Sources */ = {isa = PBXBuildFile; fileRef = 54E10FE42739507800A2019E /* MusicDetailModel.swift */; };
		54E10FE72739508D00A2019E /* AlamofireProcess.swift in Sources */ = {isa = PBXBuildFile; fileRef = 54E10FE62739508D00A2019E /* AlamofireProcess.swift */; };
		54E10FEA2739610900A2019E /* MusicDetailViewController.swift in Sources */ = {isa = PBXBuildFile; fileRef = 54E10FE82739610900A2019E /* MusicDetailViewController.swift */; };
		54E10FEB2739610900A2019E /* MusicDetailViewController.xib in Resources */ = {isa = PBXBuildFile; fileRef = 54E10FE92739610900A2019E /* MusicDetailViewController.xib */; };
		54E10FEF273962B100A2019E /* TableViewCustomCell.swift in Sources */ = {isa = PBXBuildFile; fileRef = 54E10FED273962B100A2019E /* TableViewCustomCell.swift */; };
		54E10FF0273962B100A2019E /* TableViewCustomCell.xib in Resources */ = {isa = PBXBuildFile; fileRef = 54E10FEE273962B100A2019E /* TableViewCustomCell.xib */; };
/* End PBXBuildFile section */

/* Begin PBXFileReference section */
		00F673390AAEBDD013BE35FD /* Pods_RakuMusicAPILesson.framework */ = {isa = PBXFileReference; explicitFileType = wrapper.framework; includeInIndex = 0; path = Pods_RakuMusicAPILesson.framework; sourceTree = BUILT_PRODUCTS_DIR; };
		1450E9FDFB14505F798710FA /* Pods-RakuMusicAPILesson.debug.xcconfig */ = {isa = PBXFileReference; includeInIndex = 1; lastKnownFileType = text.xcconfig; name = "Pods-RakuMusicAPILesson.debug.xcconfig"; path = "Target Support Files/Pods-RakuMusicAPILesson/Pods-RakuMusicAPILesson.debug.xcconfig"; sourceTree = "<group>"; };
		54E10FC5273810CA00A2019E /* RakuMusicAPILesson.app */ = {isa = PBXFileReference; explicitFileType = wrapper.application; includeInIndex = 0; path = RakuMusicAPILesson.app; sourceTree = BUILT_PRODUCTS_DIR; };
		54E10FC8273810CA00A2019E /* AppDelegate.swift */ = {isa = PBXFileReference; lastKnownFileType = sourcecode.swift; path = AppDelegate.swift; sourceTree = "<group>"; };
		54E10FCA273810CA00A2019E /* SceneDelegate.swift */ = {isa = PBXFileReference; lastKnownFileType = sourcecode.swift; path = SceneDelegate.swift; sourceTree = "<group>"; };
		54E10FCC273810CA00A2019E /* ViewController.swift */ = {isa = PBXFileReference; lastKnownFileType = sourcecode.swift; path = ViewController.swift; sourceTree = "<group>"; };
		54E10FCF273810CA00A2019E /* Base */ = {isa = PBXFileReference; lastKnownFileType = file.storyboard; name = Base; path = Base.lproj/Main.storyboard; sourceTree = "<group>"; };
		54E10FD1273810CD00A2019E /* Assets.xcassets */ = {isa = PBXFileReference; lastKnownFileType = folder.assetcatalog; path = Assets.xcassets; sourceTree = "<group>"; };
		54E10FD4273810CD00A2019E /* Base */ = {isa = PBXFileReference; lastKnownFileType = file.storyboard; name = Base; path = Base.lproj/LaunchScreen.storyboard; sourceTree = "<group>"; };
		54E10FD6273810CD00A2019E /* Info.plist */ = {isa = PBXFileReference; lastKnownFileType = text.plist.xml; path = Info.plist; sourceTree = "<group>"; };
		54E10FDF2738119A00A2019E /* CollectionCustomCell.swift */ = {isa = PBXFileReference; lastKnownFileType = sourcecode.swift; path = CollectionCustomCell.swift; sourceTree = "<group>"; };
		54E10FE02738119A00A2019E /* CollectionCustomCell.xib */ = {isa = PBXFileReference; lastKnownFileType = file.xib; path = CollectionCustomCell.xib; sourceTree = "<group>"; };
		54E10FE42739507800A2019E /* MusicDetailModel.swift */ = {isa = PBXFileReference; lastKnownFileType = sourcecode.swift; path = MusicDetailModel.swift; sourceTree = "<group>"; };
		54E10FE62739508D00A2019E /* AlamofireProcess.swift */ = {isa = PBXFileReference; lastKnownFileType = sourcecode.swift; path = AlamofireProcess.swift; sourceTree = "<group>"; };
		54E10FE82739610900A2019E /* MusicDetailViewController.swift */ = {isa = PBXFileReference; lastKnownFileType = sourcecode.swift; path = MusicDetailViewController.swift; sourceTree = "<group>"; };
		54E10FE92739610900A2019E /* MusicDetailViewController.xib */ = {isa = PBXFileReference; lastKnownFileType = file.xib; path = MusicDetailViewController.xib; sourceTree = "<group>"; };
		54E10FED273962B100A2019E /* TableViewCustomCell.swift */ = {isa = PBXFileReference; lastKnownFileType = sourcecode.swift; path = TableViewCustomCell.swift; sourceTree = "<group>"; };
		54E10FEE273962B100A2019E /* TableViewCustomCell.xib */ = {isa = PBXFileReference; lastKnownFileType = file.xib; path = TableViewCustomCell.xib; sourceTree = "<group>"; };
		D3D0FC519013EF8B63E597D7 /* Pods-RakuMusicAPILesson.release.xcconfig */ = {isa = PBXFileReference; includeInIndex = 1; lastKnownFileType = text.xcconfig; name = "Pods-RakuMusicAPILesson.release.xcconfig"; path = "Target Support Files/Pods-RakuMusicAPILesson/Pods-RakuMusicAPILesson.release.xcconfig"; sourceTree = "<group>"; };
/* End PBXFileReference section */

/* Begin PBXFrameworksBuildPhase section */
		54E10FC2273810CA00A2019E /* Frameworks */ = {
			isa = PBXFrameworksBuildPhase;
			buildActionMask = 2147483647;
			files = (
				44C3AD8CA58017101C33A605 /* Pods_RakuMusicAPILesson.framework in Frameworks */,
			);
			runOnlyForDeploymentPostprocessing = 0;
		};
/* End PBXFrameworksBuildPhase section */

/* Begin PBXGroup section */
		0D386A8DDFDD3EF8B27508B9 /* Pods */ = {
			isa = PBXGroup;
			children = (
				1450E9FDFB14505F798710FA /* Pods-RakuMusicAPILesson.debug.xcconfig */,
				D3D0FC519013EF8B63E597D7 /* Pods-RakuMusicAPILesson.release.xcconfig */,
			);
			path = Pods;
			sourceTree = "<group>";
		};
		54E10FBC273810CA00A2019E = {
			isa = PBXGroup;
			children = (
				54E10FC7273810CA00A2019E /* RakuMusicAPILesson */,
				54E10FC6273810CA00A2019E /* Products */,
				0D386A8DDFDD3EF8B27508B9 /* Pods */,
				E1828E6E6B55DB8D285F2122 /* Frameworks */,
			);
			sourceTree = "<group>";
		};
		54E10FC6273810CA00A2019E /* Products */ = {
			isa = PBXGroup;
			children = (
				54E10FC5273810CA00A2019E /* RakuMusicAPILesson.app */,
			);
			name = Products;
			sourceTree = "<group>";
		};
		54E10FC7273810CA00A2019E /* RakuMusicAPILesson */ = {
			isa = PBXGroup;
			children = (
				54E10FC8273810CA00A2019E /* AppDelegate.swift */,
				54E10FCA273810CA00A2019E /* SceneDelegate.swift */,
				54E10FDE2738114400A2019E /* Model */,
				54E10FDD2738113900A2019E /* View */,
				54E10FDC2738112C00A2019E /* Controller */,
				54E10FD3273810CD00A2019E /* LaunchScreen.storyboard */,
				54E10FD6273810CD00A2019E /* Info.plist */,
			);
			path = RakuMusicAPILesson;
			sourceTree = "<group>";
		};
		54E10FDC2738112C00A2019E /* Controller */ = {
			isa = PBXGroup;
			children = (
				54E10FCC273810CA00A2019E /* ViewController.swift */,
			);
			path = Controller;
			sourceTree = "<group>";
		};
		54E10FDD2738113900A2019E /* View */ = {
			isa = PBXGroup;
			children = (
				54E10FCE273810CA00A2019E /* Main.storyboard */,
				54E10FD1273810CD00A2019E /* Assets.xcassets */,
				54E10FE3273811AE00A2019E /* CollectionViewCell */,
				54E10FEC2739611300A2019E /* MusicDetailView */,
			);
			path = View;
			sourceTree = "<group>";
		};
		54E10FDE2738114400A2019E /* Model */ = {
			isa = PBXGroup;
			children = (
				54E10FE42739507800A2019E /* MusicDetailModel.swift */,
				54E10FE62739508D00A2019E /* AlamofireProcess.swift */,
			);
			path = Model;
			sourceTree = "<group>";
		};
		54E10FE3273811AE00A2019E /* CollectionViewCell */ = {
			isa = PBXGroup;
			children = (
				54E10FDF2738119A00A2019E /* CollectionCustomCell.swift */,
				54E10FE02738119A00A2019E /* CollectionCustomCell.xib */,
			);
			path = CollectionViewCell;
			sourceTree = "<group>";
		};
		54E10FEC2739611300A2019E /* MusicDetailView */ = {
			isa = PBXGroup;
			children = (
				54E10FE82739610900A2019E /* MusicDetailViewController.swift */,
				54E10FE92739610900A2019E /* MusicDetailViewController.xib */,
				54E10FF12739636C00A2019E /* TableViewCell */,
			);
			path = MusicDetailView;
			sourceTree = "<group>";
		};
		54E10FF12739636C00A2019E /* TableViewCell */ = {
			isa = PBXGroup;
			children = (
				54E10FED273962B100A2019E /* TableViewCustomCell.swift */,
				54E10FEE273962B100A2019E /* TableViewCustomCell.xib */,
			);
			path = TableViewCell;
			sourceTree = "<group>";
		};
		E1828E6E6B55DB8D285F2122 /* Frameworks */ = {
			isa = PBXGroup;
			children = (
				00F673390AAEBDD013BE35FD /* Pods_RakuMusicAPILesson.framework */,
			);
			name = Frameworks;
			sourceTree = "<group>";
		};
/* End PBXGroup section */

/* Begin PBXNativeTarget section */
		54E10FC4273810CA00A2019E /* RakuMusicAPILesson */ = {
			isa = PBXNativeTarget;
			buildConfigurationList = 54E10FD9273810CD00A2019E /* Build configuration list for PBXNativeTarget "RakuMusicAPILesson" */;
			buildPhases = (
				DBAA4CD1B8BDD08050DB0193 /* [CP] Check Pods Manifest.lock */,
				54E10FC1273810CA00A2019E /* Sources */,
				54E10FC2273810CA00A2019E /* Frameworks */,
				54E10FC3273810CA00A2019E /* Resources */,
				E227F1CE12EF837923A505C4 /* [CP] Embed Pods Frameworks */,
			);
			buildRules = (
			);
			dependencies = (
			);
			name = RakuMusicAPILesson;
			productName = RakuMusicAPILesson;
			productReference = 54E10FC5273810CA00A2019E /* RakuMusicAPILesson.app */;
			productType = "com.apple.product-type.application";
		};
/* End PBXNativeTarget section */

/* Begin PBXProject section */
		54E10FBD273810CA00A2019E /* Project object */ = {
			isa = PBXProject;
			attributes = {
				BuildIndependentTargetsInParallel = 1;
				LastSwiftUpdateCheck = 1310;
				LastUpgradeCheck = 1310;
				TargetAttributes = {
					54E10FC4273810CA00A2019E = {
						CreatedOnToolsVersion = 13.1;
					};
				};
			};
			buildConfigurationList = 54E10FC0273810CA00A2019E /* Build configuration list for PBXProject "RakuMusicAPILesson" */;
			compatibilityVersion = "Xcode 13.0";
			developmentRegion = en;
			hasScannedForEncodings = 0;
			knownRegions = (
				en,
				Base,
			);
			mainGroup = 54E10FBC273810CA00A2019E;
			productRefGroup = 54E10FC6273810CA00A2019E /* Products */;
			projectDirPath = "";
			projectRoot = "";
			targets = (
				54E10FC4273810CA00A2019E /* RakuMusicAPILesson */,
			);
		};
/* End PBXProject section */

/* Begin PBXResourcesBuildPhase section */
		54E10FC3273810CA00A2019E /* Resources */ = {
			isa = PBXResourcesBuildPhase;
			buildActionMask = 2147483647;
			files = (
				54E10FEB2739610900A2019E /* MusicDetailViewController.xib in Resources */,
				54E10FE22738119A00A2019E /* CollectionCustomCell.xib in Resources */,
				54E10FF0273962B100A2019E /* TableViewCustomCell.xib in Resources */,
				54E10FD5273810CD00A2019E /* LaunchScreen.storyboard in Resources */,
				54E10FD2273810CD00A2019E /* Assets.xcassets in Resources */,
				54E10FD0273810CA00A2019E /* Main.storyboard in Resources */,
			);
			runOnlyForDeploymentPostprocessing = 0;
		};
/* End PBXResourcesBuildPhase section */

/* Begin PBXShellScriptBuildPhase section */
		DBAA4CD1B8BDD08050DB0193 /* [CP] Check Pods Manifest.lock */ = {
			isa = PBXShellScriptBuildPhase;
			buildActionMask = 2147483647;
			files = (
			);
			inputFileListPaths = (
			);
			inputPaths = (
				"${PODS_PODFILE_DIR_PATH}/Podfile.lock",
				"${PODS_ROOT}/Manifest.lock",
			);
			name = "[CP] Check Pods Manifest.lock";
			outputFileListPaths = (
			);
			outputPaths = (
				"$(DERIVED_FILE_DIR)/Pods-RakuMusicAPILesson-checkManifestLockResult.txt",
			);
			runOnlyForDeploymentPostprocessing = 0;
			shellPath = /bin/sh;
			shellScript = "diff \"${PODS_PODFILE_DIR_PATH}/Podfile.lock\" \"${PODS_ROOT}/Manifest.lock\" > /dev/null\nif [ $? != 0 ] ; then\n    # print error to STDERR\n    echo \"error: The sandbox is not in sync with the Podfile.lock. Run 'pod install' or update your CocoaPods installation.\" >&2\n    exit 1\nfi\n# This output is used by Xcode 'outputs' to avoid re-running this script phase.\necho \"SUCCESS\" > \"${SCRIPT_OUTPUT_FILE_0}\"\n";
			showEnvVarsInLog = 0;
		};
		E227F1CE12EF837923A505C4 /* [CP] Embed Pods Frameworks */ = {
			isa = PBXShellScriptBuildPhase;
			buildActionMask = 2147483647;
			files = (
			);
			inputFileListPaths = (
				"${PODS_ROOT}/Target Support Files/Pods-RakuMusicAPILesson/Pods-RakuMusicAPILesson-frameworks-${CONFIGURATION}-input-files.xcfilelist",
			);
			name = "[CP] Embed Pods Frameworks";
			outputFileListPaths = (
				"${PODS_ROOT}/Target Support Files/Pods-RakuMusicAPILesson/Pods-RakuMusicAPILesson-frameworks-${CONFIGURATION}-output-files.xcfilelist",
			);
			runOnlyForDeploymentPostprocessing = 0;
			shellPath = /bin/sh;
			shellScript = "\"${PODS_ROOT}/Target Support Files/Pods-RakuMusicAPILesson/Pods-RakuMusicAPILesson-frameworks.sh\"\n";
			showEnvVarsInLog = 0;
		};
/* End PBXShellScriptBuildPhase section */

/* Begin PBXSourcesBuildPhase section */
		54E10FC1273810CA00A2019E /* Sources */ = {
			isa = PBXSourcesBuildPhase;
			buildActionMask = 2147483647;
			files = (
				54E10FE12738119A00A2019E /* CollectionCustomCell.swift in Sources */,
				54E10FE52739507800A2019E /* MusicDetailModel.swift in Sources */,
				54E10FEF273962B100A2019E /* TableViewCustomCell.swift in Sources */,
				54E10FCD273810CA00A2019E /* ViewController.swift in Sources */,
				54E10FEA2739610900A2019E /* MusicDetailViewController.swift in Sources */,
				54E10FC9273810CA00A2019E /* AppDelegate.swift in Sources */,
				54E10FE72739508D00A2019E /* AlamofireProcess.swift in Sources */,
				54E10FCB273810CA00A2019E /* SceneDelegate.swift in Sources */,
			);
			runOnlyForDeploymentPostprocessing = 0;
		};
/* End PBXSourcesBuildPhase section */

/* Begin PBXVariantGroup section */
		54E10FCE273810CA00A2019E /* Main.storyboard */ = {
			isa = PBXVariantGroup;
			children = (
				54E10FCF273810CA00A2019E /* Base */,
			);
			name = Main.storyboard;
			sourceTree = "<group>";
		};
		54E10FD3273810CD00A2019E /* LaunchScreen.storyboard */ = {
			isa = PBXVariantGroup;
			children = (
				54E10FD4273810CD00A2019E /* Base */,
			);
			name = LaunchScreen.storyboard;
			sourceTree = "<group>";
		};
/* End PBXVariantGroup section */

/* Begin XCBuildConfiguration section */
		54E10FD7273810CD00A2019E /* Debug */ = {
			isa = XCBuildConfiguration;
			buildSettings = {
				ALWAYS_SEARCH_USER_PATHS = NO;
				CLANG_ANALYZER_NONNULL = YES;
				CLANG_ANALYZER_NUMBER_OBJECT_CONVERSION = YES_AGGRESSIVE;
				CLANG_CXX_LANGUAGE_STANDARD = "gnu++17";
				CLANG_CXX_LIBRARY = "libc++";
				CLANG_ENABLE_MODULES = YES;
				CLANG_ENABLE_OBJC_ARC = YES;
				CLANG_ENABLE_OBJC_WEAK = YES;
				CLANG_WARN_BLOCK_CAPTURE_AUTORELEASING = YES;
				CLANG_WARN_BOOL_CONVERSION = YES;
				CLANG_WARN_COMMA = YES;
				CLANG_WARN_CONSTANT_CONVERSION = YES;
				CLANG_WARN_DEPRECATED_OBJC_IMPLEMENTATIONS = YES;
				CLANG_WARN_DIRECT_OBJC_ISA_USAGE = YES_ERROR;
				CLANG_WARN_DOCUMENTATION_COMMENTS = YES;
				CLANG_WARN_EMPTY_BODY = YES;
				CLANG_WARN_ENUM_CONVERSION = YES;
				CLANG_WARN_INFINITE_RECURSION = YES;
				CLANG_WARN_INT_CONVERSION = YES;
				CLANG_WARN_NON_LITERAL_NULL_CONVERSION = YES;
				CLANG_WARN_OBJC_IMPLICIT_RETAIN_SELF = YES;
				CLANG_WARN_OBJC_LITERAL_CONVERSION = YES;
				CLANG_WARN_OBJC_ROOT_CLASS = YES_ERROR;
				CLANG_WARN_QUOTED_INCLUDE_IN_FRAMEWORK_HEADER = YES;
				CLANG_WARN_RANGE_LOOP_ANALYSIS = YES;
				CLANG_WARN_STRICT_PROTOTYPES = YES;
				CLANG_WARN_SUSPICIOUS_MOVE = YES;
				CLANG_WARN_UNGUARDED_AVAILABILITY = YES_AGGRESSIVE;
				CLANG_WARN_UNREACHABLE_CODE = YES;
				CLANG_WARN__DUPLICATE_METHOD_MATCH = YES;
				COPY_PHASE_STRIP = NO;
				DEBUG_INFORMATION_FORMAT = dwarf;
				ENABLE_STRICT_OBJC_MSGSEND = YES;
				ENABLE_TESTABILITY = YES;
				GCC_C_LANGUAGE_STANDARD = gnu11;
				GCC_DYNAMIC_NO_PIC = NO;
				GCC_NO_COMMON_BLOCKS = YES;
				GCC_OPTIMIZATION_LEVEL = 0;
				GCC_PREPROCESSOR_DEFINITIONS = (
					"DEBUG=1",
					"$(inherited)",
				);
				GCC_WARN_64_TO_32_BIT_CONVERSION = YES;
				GCC_WARN_ABOUT_RETURN_TYPE = YES_ERROR;
				GCC_WARN_UNDECLARED_SELECTOR = YES;
				GCC_WARN_UNINITIALIZED_AUTOS = YES_AGGRESSIVE;
				GCC_WARN_UNUSED_FUNCTION = YES;
				GCC_WARN_UNUSED_VARIABLE = YES;
				IPHONEOS_DEPLOYMENT_TARGET = 15.0;
				MTL_ENABLE_DEBUG_INFO = INCLUDE_SOURCE;
				MTL_FAST_MATH = YES;
				ONLY_ACTIVE_ARCH = YES;
				SDKROOT = iphoneos;
				SWIFT_ACTIVE_COMPILATION_CONDITIONS = DEBUG;
				SWIFT_OPTIMIZATION_LEVEL = "-Onone";
			};
			name = Debug;
		};
		54E10FD8273810CD00A2019E /* Release */ = {
			isa = XCBuildConfiguration;
			buildSettings = {
				ALWAYS_SEARCH_USER_PATHS = NO;
				CLANG_ANALYZER_NONNULL = YES;
				CLANG_ANALYZER_NUMBER_OBJECT_CONVERSION = YES_AGGRESSIVE;
				CLANG_CXX_LANGUAGE_STANDARD = "gnu++17";
				CLANG_CXX_LIBRARY = "libc++";
				CLANG_ENABLE_MODULES = YES;
				CLANG_ENABLE_OBJC_ARC = YES;
				CLANG_ENABLE_OBJC_WEAK = YES;
				CLANG_WARN_BLOCK_CAPTURE_AUTORELEASING = YES;
				CLANG_WARN_BOOL_CONVERSION = YES;
				CLANG_WARN_COMMA = YES;
				CLANG_WARN_CONSTANT_CONVERSION = YES;
				CLANG_WARN_DEPRECATED_OBJC_IMPLEMENTATIONS = YES;
				CLANG_WARN_DIRECT_OBJC_ISA_USAGE = YES_ERROR;
				CLANG_WARN_DOCUMENTATION_COMMENTS = YES;
				CLANG_WARN_EMPTY_BODY = YES;
				CLANG_WARN_ENUM_CONVERSION = YES;
				CLANG_WARN_INFINITE_RECURSION = YES;
				CLANG_WARN_INT_CONVERSION = YES;
				CLANG_WARN_NON_LITERAL_NULL_CONVERSION = YES;
				CLANG_WARN_OBJC_IMPLICIT_RETAIN_SELF = YES;
				CLANG_WARN_OBJC_LITERAL_CONVERSION = YES;
				CLANG_WARN_OBJC_ROOT_CLASS = YES_ERROR;
				CLANG_WARN_QUOTED_INCLUDE_IN_FRAMEWORK_HEADER = YES;
				CLANG_WARN_RANGE_LOOP_ANALYSIS = YES;
				CLANG_WARN_STRICT_PROTOTYPES = YES;
				CLANG_WARN_SUSPICIOUS_MOVE = YES;
				CLANG_WARN_UNGUARDED_AVAILABILITY = YES_AGGRESSIVE;
				CLANG_WARN_UNREACHABLE_CODE = YES;
				CLANG_WARN__DUPLICATE_METHOD_MATCH = YES;
				COPY_PHASE_STRIP = NO;
				DEBUG_INFORMATION_FORMAT = "dwarf-with-dsym";
				ENABLE_NS_ASSERTIONS = NO;
				ENABLE_STRICT_OBJC_MSGSEND = YES;
				GCC_C_LANGUAGE_STANDARD = gnu11;
				GCC_NO_COMMON_BLOCKS = YES;
				GCC_WARN_64_TO_32_BIT_CONVERSION = YES;
				GCC_WARN_ABOUT_RETURN_TYPE = YES_ERROR;
				GCC_WARN_UNDECLARED_SELECTOR = YES;
				GCC_WARN_UNINITIALIZED_AUTOS = YES_AGGRESSIVE;
				GCC_WARN_UNUSED_FUNCTION = YES;
				GCC_WARN_UNUSED_VARIABLE = YES;
				IPHONEOS_DEPLOYMENT_TARGET = 15.0;
				MTL_ENABLE_DEBUG_INFO = NO;
				MTL_FAST_MATH = YES;
				SDKROOT = iphoneos;
				SWIFT_COMPILATION_MODE = wholemodule;
				SWIFT_OPTIMIZATION_LEVEL = "-O";
				VALIDATE_PRODUCT = YES;
			};
			name = Release;
		};
		54E10FDA273810CD00A2019E /* Debug */ = {
			isa = XCBuildConfiguration;
			baseConfigurationReference = 1450E9FDFB14505F798710FA /* Pods-RakuMusicAPILesson.debug.xcconfig */;
			buildSettings = {
				ASSETCATALOG_COMPILER_APPICON_NAME = AppIcon;
				ASSETCATALOG_COMPILER_GLOBAL_ACCENT_COLOR_NAME = AccentColor;
				CODE_SIGN_STYLE = Automatic;
				CURRENT_PROJECT_VERSION = 1;
				GENERATE_INFOPLIST_FILE = YES;
				INFOPLIST_FILE = RakuMusicAPILesson/Info.plist;
				INFOPLIST_KEY_UIApplicationSupportsIndirectInputEvents = YES;
				INFOPLIST_KEY_UILaunchStoryboardName = LaunchScreen;
				INFOPLIST_KEY_UIMainStoryboardFile = Main;
				INFOPLIST_KEY_UISupportedInterfaceOrientations = UIInterfaceOrientationPortrait;
				INFOPLIST_KEY_UISupportedInterfaceOrientations_iPad = "UIInterfaceOrientationPortrait UIInterfaceOrientationPortraitUpsideDown UIInterfaceOrientationLandscapeLeft UIInterfaceOrientationLandscapeRight";
				INFOPLIST_KEY_UISupportedInterfaceOrientations_iPhone = "UIInterfaceOrientationPortrait UIInterfaceOrientationLandscapeLeft UIInterfaceOrientationLandscapeRight";
				LD_RUNPATH_SEARCH_PATHS = (
					"$(inherited)",
					"@executable_path/Frameworks",
				);
				MARKETING_VERSION = 1.0;
				PRODUCT_BUNDLE_IDENTIFIER = com.RakuMusicAPI.RakuMusicAPILesson;
				PRODUCT_NAME = "$(TARGET_NAME)";
				SWIFT_EMIT_LOC_STRINGS = YES;
				SWIFT_VERSION = 5.0;
				TARGETED_DEVICE_FAMILY = 1;
			};
			name = Debug;
		};
		54E10FDB273810CD00A2019E /* Release */ = {
			isa = XCBuildConfiguration;
			baseConfigurationReference = D3D0FC519013EF8B63E597D7 /* Pods-RakuMusicAPILesson.release.xcconfig */;
			buildSettings = {
				ASSETCATALOG_COMPILER_APPICON_NAME = AppIcon;
				ASSETCATALOG_COMPILER_GLOBAL_ACCENT_COLOR_NAME = AccentColor;
				CODE_SIGN_STYLE = Automatic;
				CURRENT_PROJECT_VERSION = 1;
				GENERATE_INFOPLIST_FILE = YES;
				INFOPLIST_FILE = RakuMusicAPILesson/Info.plist;
				INFOPLIST_KEY_UIApplicationSupportsIndirectInputEvents = YES;
				INFOPLIST_KEY_UILaunchStoryboardName = LaunchScreen;
				INFOPLIST_KEY_UIMainStoryboardFile = Main;
				INFOPLIST_KEY_UISupportedInterfaceOrientations = UIInterfaceOrientationPortrait;
				INFOPLIST_KEY_UISupportedInterfaceOrientations_iPad = "UIInterfaceOrientationPortrait UIInterfaceOrientationPortraitUpsideDown UIInterfaceOrientationLandscapeLeft UIInterfaceOrientationLandscapeRight";
				INFOPLIST_KEY_UISupportedInterfaceOrientations_iPhone = "UIInterfaceOrientationPortrait UIInterfaceOrientationLandscapeLeft UIInterfaceOrientationLandscapeRight";
				LD_RUNPATH_SEARCH_PATHS = (
					"$(inherited)",
					"@executable_path/Frameworks",
				);
				MARKETING_VERSION = 1.0;
				PRODUCT_BUNDLE_IDENTIFIER = com.RakuMusicAPI.RakuMusicAPILesson;
				PRODUCT_NAME = "$(TARGET_NAME)";
				SWIFT_EMIT_LOC_STRINGS = YES;
				SWIFT_VERSION = 5.0;
				TARGETED_DEVICE_FAMILY = 1;
			};
			name = Release;
		};
/* End XCBuildConfiguration section */

/* Begin XCConfigurationList section */
		54E10FC0273810CA00A2019E /* Build configuration list for PBXProject "RakuMusicAPILesson" */ = {
			isa = XCConfigurationList;
			buildConfigurations = (
				54E10FD7273810CD00A2019E /* Debug */,
				54E10FD8273810CD00A2019E /* Release */,
			);
			defaultConfigurationIsVisible = 0;
			defaultConfigurationName = Release;
		};
		54E10FD9273810CD00A2019E /* Build configuration list for PBXNativeTarget "RakuMusicAPILesson" */ = {
			isa = XCConfigurationList;
			buildConfigurations = (
				54E10FDA273810CD00A2019E /* Debug */,
				54E10FDB273810CD00A2019E /* Release */,
			);
			defaultConfigurationIsVisible = 0;
			defaultConfigurationName = Release;
		};
/* End XCConfigurationList section */
	};
	rootObject = 54E10FBD273810CA00A2019E /* Project object */;
}
